{
  "name": "@compound/claude-router-marketplace",
  "version": "2.2.4",
  "lockfileVersion": 3,
  "requires": true,
  "packages": {
    "": {
      "name": "@compound/claude-router-marketplace",
      "version": "2.2.4",
      "license": "Apache-2.0",
      "engines": {
        "node": ">=18.18.0"
      }
    }
  }
}
